
Microsoft Visual Studio Solution File, Format Version 12.00
# Visual Studio Version 16
VisualStudioVersion = 25.0.1706.0
MinimumVisualStudioVersion = 10.0.40219.1
Project("{FAE04EC0-301F-11D3-BF4B-00C04F79EFBC}") = "OcelotGateway", "OcelotGateway.csproj", "{09540954-9B69-4B41-8853-3FF3AF454819}"
EndProject
Project("{FAE04EC0-301F-11D3-BF4B-00C04F79EFBC}") = "ProductAPI", "..\ProductAPI\ProductAPI.csproj", "{1CA2027E-DE44-485D-AA98-DD0D097E9C7A}"
EndProject
Project("{FAE04EC0-301F-11D3-BF4B-00C04F79EFBC}") = "UserAPI", "..\UserAPI\UserAPI.csproj", "{BB69DA94-E39C-4B49-9E56-86B24023C669}"
EndProject
Global
	GlobalSection(SolutionConfigurationPlatforms) = preSolution
		Debug|Any CPU = Debug|Any CPU
		Release|Any CPU = Release|Any CPU
	EndGlobalSection
	GlobalSection(ProjectConfigurationPlatforms) = postSolution
		{09540954-9B69-4B41-8853-3FF3AF454819}.Debug|Any CPU.ActiveCfg = Debug|Any CPU
		{09540954-9B69-4B41-8853-3FF3AF454819}.Debug|Any CPU.Build.0 = Debug|Any CPU
		{09540954-9B69-4B41-8853-3FF3AF454819}.Release|Any CPU.ActiveCfg = Release|Any CPU
		{09540954-9B69-4B41-8853-3FF3AF454819}.Release|Any CPU.Build.0 = Release|Any CPU
		{1CA2027E-DE44-485D-AA98-DD0D097E9C7A}.Debug|Any CPU.ActiveCfg = Debug|Any CPU
		{1CA2027E-DE44-485D-AA98-DD0D097E9C7A}.Debug|Any CPU.Build.0 = Debug|Any CPU
		{1CA2027E-DE44-485D-AA98-DD0D097E9C7A}.Release|Any CPU.ActiveCfg = Release|Any CPU
		{1CA2027E-DE44-485D-AA98-DD0D097E9C7A}.Release|Any CPU.Build.0 = Release|Any CPU
		{BB69DA94-E39C-4B49-9E56-86B24023C669}.Debug|Any CPU.ActiveCfg = Debug|Any CPU
		{BB69DA94-E39C-4B49-9E56-86B24023C669}.Debug|Any CPU.Build.0 = Debug|Any CPU
		{BB69DA94-E39C-4B49-9E56-86B24023C669}.Release|Any CPU.ActiveCfg = Release|Any CPU
		{BB69DA94-E39C-4B49-9E56-86B24023C669}.Release|Any CPU.Build.0 = Release|Any CPU
	EndGlobalSection
	GlobalSection(SolutionProperties) = preSolution
		HideSolutionNode = FALSE
	EndGlobalSection
	GlobalSection(ExtensibilityGlobals) = postSolution
		SolutionGuid = {1897199B-1553-45E9-B4E9-FE7852D1BC97}
	EndGlobalSection
EndGlobal
